
Microsoft Visual Studio Solution File, Format Version 12.00
# Visual Studio Version 16
VisualStudioVersion = 16.0.30413.136
MinimumVisualStudioVersion = 10.0.40219.1
Project("{FAE04EC0-301F-11D3-BF4B-00C04F79EFBC}") = "LootPriority", "LootPriority\LootPriority.csproj", "{4551EBA7-D9ED-437E-960A-2446793A2926}"
EndProject
Global
	GlobalSection(SolutionConfigurationPlatforms) = preSolution
		Debug|Any CPU = Debug|Any CPU
		Release|Any CPU = Release|Any CPU
	EndGlobalSection
	GlobalSection(ProjectConfigurationPlatforms) = postSolution
		{4551EBA7-D9ED-437E-960A-2446793A2926}.Debug|Any CPU.ActiveCfg = Debug|Any CPU
		{4551EBA7-D9ED-437E-960A-2446793A2926}.Debug|Any CPU.Build.0 = Debug|Any CPU
		{4551EBA7-D9ED-437E-960A-2446793A2926}.Release|Any CPU.ActiveCfg = Release|Any CPU
		{4551EBA7-D9ED-437E-960A-2446793A2926}.Release|Any CPU.Build.0 = Release|Any CPU
	EndGlobalSection
	GlobalSection(SolutionProperties) = preSolution
		HideSolutionNode = FALSE
	EndGlobalSection
	GlobalSection(ExtensibilityGlobals) = postSolution
		SolutionGuid = {FFB5E61C-4E40-4509-9D35-A1975371CBDA}
	EndGlobalSection
EndGlobal
